// !$*UTF8*$!
{
	archiveVersion = 1;
	classes = {
	};
	objectVersion = 51;
	objects = {

/* Begin PBXBuildFile section */
		C81472EF25F574010082E93F /* AppDelegate.swift in Sources */ = {isa = PBXBuildFile; fileRef = C81472EE25F574010082E93F /* AppDelegate.swift */; };
		C81472F125F574010082E93F /* SceneDelegate.swift in Sources */ = {isa = PBXBuildFile; fileRef = C81472F025F574010082E93F /* SceneDelegate.swift */; };
		C81472F325F574010082E93F /* ViewController.swift in Sources */ = {isa = PBXBuildFile; fileRef = C81472F225F574010082E93F /* ViewController.swift */; };
		C81472F625F574010082E93F /* Main.storyboard in Resources */ = {isa = PBXBuildFile; fileRef = C81472F425F574010082E93F /* Main.storyboard */; };
		C81472F825F574060082E93F /* Assets.xcassets in Resources */ = {isa = PBXBuildFile; fileRef = C81472F725F574060082E93F /* Assets.xcassets */; };
		C81472FB25F574060082E93F /* LaunchScreen.storyboard in Resources */ = {isa = PBXBuildFile; fileRef = C81472F925F574060082E93F /* LaunchScreen.storyboard */; };
		C814730425F574DA0082E93F /* GoogleService-Info.plist in Resources */ = {isa = PBXBuildFile; fileRef = C814730325F574DA0082E93F /* GoogleService-Info.plist */; };
		C83EFF6125F5775B00E87459 /* Note.swift in Sources */ = {isa = PBXBuildFile; fileRef = C83EFF6025F5775B00E87459 /* Note.swift */; };
		C83EFF6425F577EB00E87459 /* NotesModel.swift in Sources */ = {isa = PBXBuildFile; fileRef = C83EFF6325F577EB00E87459 /* NotesModel.swift */; };
		C83EFF6725F5782700E87459 /* NoteViewController.swift in Sources */ = {isa = PBXBuildFile; fileRef = C83EFF6625F5782700E87459 /* NoteViewController.swift */; };
		C8A0CE9026265D3900EEF5B0 /* image3.png in Resources */ = {isa = PBXBuildFile; fileRef = C8A0CE8826265D2800EEF5B0 /* image3.png */; };
		C8A0CE9126265D3900EEF5B0 /* image1.png in Resources */ = {isa = PBXBuildFile; fileRef = C8A0CE8926265D2A00EEF5B0 /* image1.png */; };
		C8A0CE9226265D3900EEF5B0 /* image5.png in Resources */ = {isa = PBXBuildFile; fileRef = C8A0CE8A26265D2D00EEF5B0 /* image5.png */; };
		C8A0CE9326265D3900EEF5B0 /* image8.png in Resources */ = {isa = PBXBuildFile; fileRef = C8A0CE8B26265D2F00EEF5B0 /* image8.png */; };
		C8A0CE9426265D3900EEF5B0 /* image4.png in Resources */ = {isa = PBXBuildFile; fileRef = C8A0CE8C26265D3100EEF5B0 /* image4.png */; };
		C8A0CE9526265D3900EEF5B0 /* image6.png in Resources */ = {isa = PBXBuildFile; fileRef = C8A0CE8D26265D3300EEF5B0 /* image6.png */; };
		C8A0CE9626265D3900EEF5B0 /* image7.png in Resources */ = {isa = PBXBuildFile; fileRef = C8A0CE8E26265D3600EEF5B0 /* image7.png */; };
		C8A0CE9726265D3900EEF5B0 /* image2.png in Resources */ = {isa = PBXBuildFile; fileRef = C8A0CE8F26265D3900EEF5B0 /* image2.png */; };
		D3D813C0F82574720D1BDFB5 /* Pods_Journal_App.framework in Frameworks */ = {isa = PBXBuildFile; fileRef = 943D992D529DE23FF256519D /* Pods_Journal_App.framework */; };
/* End PBXBuildFile section */

/* Begin PBXFileReference section */
		227174148C96B00A65584211 /* Pods-Journal App.release.xcconfig */ = {isa = PBXFileReference; includeInIndex = 1; lastKnownFileType = text.xcconfig; name = "Pods-Journal App.release.xcconfig"; path = "Target Support Files/Pods-Journal App/Pods-Journal App.release.xcconfig"; sourceTree = "<group>"; };
		38D1A02A7A95BD5D4D658468 /* Pods-Journal App.debug.xcconfig */ = {isa = PBXFileReference; includeInIndex = 1; lastKnownFileType = text.xcconfig; name = "Pods-Journal App.debug.xcconfig"; path = "Target Support Files/Pods-Journal App/Pods-Journal App.debug.xcconfig"; sourceTree = "<group>"; };
		943D992D529DE23FF256519D /* Pods_Journal_App.framework */ = {isa = PBXFileReference; explicitFileType = wrapper.framework; includeInIndex = 0; path = Pods_Journal_App.framework; sourceTree = BUILT_PRODUCTS_DIR; };
		C81472EB25F574010082E93F /* Journal App.app */ = {isa = PBXFileReference; explicitFileType = wrapper.application; includeInIndex = 0; path = "Journal App.app"; sourceTree = BUILT_PRODUCTS_DIR; };
		C81472EE25F574010082E93F /* AppDelegate.swift */ = {isa = PBXFileReference; lastKnownFileType = sourcecode.swift; path = AppDelegate.swift; sourceTree = "<group>"; };
		C81472F025F574010082E93F /* SceneDelegate.swift */ = {isa = PBXFileReference; lastKnownFileType = sourcecode.swift; path = SceneDelegate.swift; sourceTree = "<group>"; };
		C81472F225F574010082E93F /* ViewController.swift */ = {isa = PBXFileReference; lastKnownFileType = sourcecode.swift; path = ViewController.swift; sourceTree = "<group>"; };
		C81472F525F574010082E93F /* Base */ = {isa = PBXFileReference; lastKnownFileType = file.storyboard; name = Base; path = Base.lproj/Main.storyboard; sourceTree = "<group>"; };
		C81472F725F574060082E93F /* Assets.xcassets */ = {isa = PBXFileReference; lastKnownFileType = folder.assetcatalog; path = Assets.xcassets; sourceTree = "<group>"; };
		C81472FA25F574060082E93F /* Base */ = {isa = PBXFileReference; lastKnownFileType = file.storyboard; name = Base; path = Base.lproj/LaunchScreen.storyboard; sourceTree = "<group>"; };
		C81472FC25F574060082E93F /* Info.plist */ = {isa = PBXFileReference; lastKnownFileType = text.plist.xml; path = Info.plist; sourceTree = "<group>"; };
		C814730325F574DA0082E93F /* GoogleService-Info.plist */ = {isa = PBXFileReference; fileEncoding = 4; lastKnownFileType = text.plist.xml; path = "GoogleService-Info.plist"; sourceTree = "<group>"; };
		C83EFF6025F5775B00E87459 /* Note.swift */ = {isa = PBXFileReference; lastKnownFileType = sourcecode.swift; path = Note.swift; sourceTree = "<group>"; };
		C83EFF6325F577EB00E87459 /* NotesModel.swift */ = {isa = PBXFileReference; lastKnownFileType = sourcecode.swift; path = NotesModel.swift; sourceTree = "<group>"; };
		C83EFF6625F5782700E87459 /* NoteViewController.swift */ = {isa = PBXFileReference; lastKnownFileType = sourcecode.swift; path = NoteViewController.swift; sourceTree = "<group>"; };
		C8A0CE8726265CD600EEF5B0 /* README.md */ = {isa = PBXFileReference; lastKnownFileType = net.daringfireball.markdown; path = README.md; sourceTree = "<group>"; };
		C8A0CE8826265D2800EEF5B0 /* image3.png */ = {isa = PBXFileReference; lastKnownFileType = image.png; path = image3.png; sourceTree = "<group>"; };
		C8A0CE8926265D2A00EEF5B0 /* image1.png */ = {isa = PBXFileReference; lastKnownFileType = image.png; path = image1.png; sourceTree = "<group>"; };
		C8A0CE8A26265D2D00EEF5B0 /* image5.png */ = {isa = PBXFileReference; lastKnownFileType = image.png; path = image5.png; sourceTree = "<group>"; };
		C8A0CE8B26265D2F00EEF5B0 /* image8.png */ = {isa = PBXFileReference; lastKnownFileType = image.png; path = image8.png; sourceTree = "<group>"; };
		C8A0CE8C26265D3100EEF5B0 /* image4.png */ = {isa = PBXFileReference; lastKnownFileType = image.png; path = image4.png; sourceTree = "<group>"; };
		C8A0CE8D26265D3300EEF5B0 /* image6.png */ = {isa = PBXFileReference; lastKnownFileType = image.png; path = image6.png; sourceTree = "<group>"; };
		C8A0CE8E26265D3600EEF5B0 /* image7.png */ = {isa = PBXFileReference; lastKnownFileType = image.png; path = image7.png; sourceTree = "<group>"; };
		C8A0CE8F26265D3900EEF5B0 /* image2.png */ = {isa = PBXFileReference; lastKnownFileType = image.png; path = image2.png; sourceTree = "<group>"; };
/* End PBXFileReference section */

/* Begin PBXFrameworksBuildPhase section */
		C81472E825F574010082E93F /* Frameworks */ = {
			isa = PBXFrameworksBuildPhase;
			buildActionMask = 2147483647;
			files = (
				D3D813C0F82574720D1BDFB5 /* Pods_Journal_App.framework in Frameworks */,
			);
			runOnlyForDeploymentPostprocessing = 0;
		};
/* End PBXFrameworksBuildPhase section */

/* Begin PBXGroup section */
		27DBBED41191944720FC44FD /* Pods */ = {
			isa = PBXGroup;
			children = (
				38D1A02A7A95BD5D4D658468 /* Pods-Journal App.debug.xcconfig */,
				227174148C96B00A65584211 /* Pods-Journal App.release.xcconfig */,
			);
			path = Pods;
			sourceTree = "<group>";
		};
		6A60628B15C381A0C1D3CB3E /* Frameworks */ = {
			isa = PBXGroup;
			children = (
				943D992D529DE23FF256519D /* Pods_Journal_App.framework */,
			);
			name = Frameworks;
			sourceTree = "<group>";
		};
		C81472E225F574010082E93F = {
			isa = PBXGroup;
			children = (
				C8A0CE8726265CD600EEF5B0 /* README.md */,
				C8A0CE8926265D2A00EEF5B0 /* image1.png */,
				C8A0CE8F26265D3900EEF5B0 /* image2.png */,
				C8A0CE8826265D2800EEF5B0 /* image3.png */,
				C8A0CE8C26265D3100EEF5B0 /* image4.png */,
				C8A0CE8A26265D2D00EEF5B0 /* image5.png */,
				C8A0CE8D26265D3300EEF5B0 /* image6.png */,
				C8A0CE8E26265D3600EEF5B0 /* image7.png */,
				C8A0CE8B26265D2F00EEF5B0 /* image8.png */,
				C81472ED25F574010082E93F /* Journal App */,
				C81472EC25F574010082E93F /* Products */,
				27DBBED41191944720FC44FD /* Pods */,
				6A60628B15C381A0C1D3CB3E /* Frameworks */,
			);
			sourceTree = "<group>";
		};
		C81472EC25F574010082E93F /* Products */ = {
			isa = PBXGroup;
			children = (
				C81472EB25F574010082E93F /* Journal App.app */,
			);
			name = Products;
			sourceTree = "<group>";
		};
		C81472ED25F574010082E93F /* Journal App */ = {
			isa = PBXGroup;
			children = (
				C81472EE25F574010082E93F /* AppDelegate.swift */,
				C81472F025F574010082E93F /* SceneDelegate.swift */,
				C81472F425F574010082E93F /* Main.storyboard */,
				C81472F225F574010082E93F /* ViewController.swift */,
				C83EFF6625F5782700E87459 /* NoteViewController.swift */,
				C83EFF6325F577EB00E87459 /* NotesModel.swift */,
				C83EFF6025F5775B00E87459 /* Note.swift */,
				C81472F725F574060082E93F /* Assets.xcassets */,
				C81472F925F574060082E93F /* LaunchScreen.storyboard */,
				C814730325F574DA0082E93F /* GoogleService-Info.plist */,
				C81472FC25F574060082E93F /* Info.plist */,
			);
			path = "Journal App";
			sourceTree = "<group>";
		};
/* End PBXGroup section */

/* Begin PBXNativeTarget section */
		C81472EA25F574010082E93F /* Journal App */ = {
			isa = PBXNativeTarget;
			buildConfigurationList = C81472FF25F574060082E93F /* Build configuration list for PBXNativeTarget "Journal App" */;
			buildPhases = (
				78F6C4691F8C642FA354793D /* [CP] Check Pods Manifest.lock */,
				C81472E725F574010082E93F /* Sources */,
				C81472E825F574010082E93F /* Frameworks */,
				C81472E925F574010082E93F /* Resources */,
				A30E6EA5329D1DC95FD2AF6E /* [CP] Embed Pods Frameworks */,
			);
			buildRules = (
			);
			dependencies = (
			);
			name = "Journal App";
			productName = "Journal App";
			productReference = C81472EB25F574010082E93F /* Journal App.app */;
			productType = "com.apple.product-type.application";
		};
/* End PBXNativeTarget section */

/* Begin PBXProject section */
		C81472E325F574010082E93F /* Project object */ = {
			isa = PBXProject;
			attributes = {
				LastSwiftUpdateCheck = 1230;
				LastUpgradeCheck = 1230;
				TargetAttributes = {
					C81472EA25F574010082E93F = {
						CreatedOnToolsVersion = 12.3;
					};
				};
			};
			buildConfigurationList = C81472E625F574010082E93F /* Build configuration list for PBXProject "Journal App" */;
			compatibilityVersion = "Xcode 9.3";
			developmentRegion = en;
			hasScannedForEncodings = 0;
			knownRegions = (
				en,
				Base,
			);
			mainGroup = C81472E225F574010082E93F;
			productRefGroup = C81472EC25F574010082E93F /* Products */;
			projectDirPath = "";
			projectRoot = "";
			targets = (
				C81472EA25F574010082E93F /* Journal App */,
			);
		};
/* End PBXProject section */

/* Begin PBXResourcesBuildPhase section */
		C81472E925F574010082E93F /* Resources */ = {
			isa = PBXResourcesBuildPhase;
			buildActionMask = 2147483647;
			files = (
				C8A0CE9426265D3900EEF5B0 /* image4.png in Resources */,
				C8A0CE9326265D3900EEF5B0 /* image8.png in Resources */,
				C8A0CE9726265D3900EEF5B0 /* image2.png in Resources */,
				C81472FB25F574060082E93F /* LaunchScreen.storyboard in Resources */,
				C8A0CE9026265D3900EEF5B0 /* image3.png in Resources */,
				C814730425F574DA0082E93F /* GoogleService-Info.plist in Resources */,
				C8A0CE9226265D3900EEF5B0 /* image5.png in Resources */,
				C8A0CE9526265D3900EEF5B0 /* image6.png in Resources */,
				C8A0CE9126265D3900EEF5B0 /* image1.png in Resources */,
				C8A0CE9626265D3900EEF5B0 /* image7.png in Resources */,
				C81472F825F574060082E93F /* Assets.xcassets in Resources */,
				C81472F625F574010082E93F /* Main.storyboard in Resources */,
			);
			runOnlyForDeploymentPostprocessing = 0;
		};
/* End PBXResourcesBuildPhase section */

/* Begin PBXShellScriptBuildPhase section */
		78F6C4691F8C642FA354793D /* [CP] Check Pods Manifest.lock */ = {
			isa = PBXShellScriptBuildPhase;
			buildActionMask = 2147483647;
			files = (
			);
			inputFileListPaths = (
			);
			inputPaths = (
				"${PODS_PODFILE_DIR_PATH}/Podfile.lock",
				"${PODS_ROOT}/Manifest.lock",
			);
			name = "[CP] Check Pods Manifest.lock";
			outputFileListPaths = (
			);
			outputPaths = (
				"$(DERIVED_FILE_DIR)/Pods-Journal App-checkManifestLockResult.txt",
			);
			runOnlyForDeploymentPostprocessing = 0;
			shellPath = /bin/sh;
			shellScript = "diff \"${PODS_PODFILE_DIR_PATH}/Podfile.lock\" \"${PODS_ROOT}/Manifest.lock\" > /dev/null\nif [ $? != 0 ] ; then\n    # print error to STDERR\n    echo \"error: The sandbox is not in sync with the Podfile.lock. Run 'pod install' or update your CocoaPods installation.\" >&2\n    exit 1\nfi\n# This output is used by Xcode 'outputs' to avoid re-running this script phase.\necho \"SUCCESS\" > \"${SCRIPT_OUTPUT_FILE_0}\"\n";
			showEnvVarsInLog = 0;
		};
		A30E6EA5329D1DC95FD2AF6E /* [CP] Embed Pods Frameworks */ = {
			isa = PBXShellScriptBuildPhase;
			buildActionMask = 2147483647;
			files = (
			);
			inputFileListPaths = (
				"${PODS_ROOT}/Target Support Files/Pods-Journal App/Pods-Journal App-frameworks-${CONFIGURATION}-input-files.xcfilelist",
			);
			name = "[CP] Embed Pods Frameworks";
			outputFileListPaths = (
				"${PODS_ROOT}/Target Support Files/Pods-Journal App/Pods-Journal App-frameworks-${CONFIGURATION}-output-files.xcfilelist",
			);
			runOnlyForDeploymentPostprocessing = 0;
			shellPath = /bin/sh;
			shellScript = "\"${PODS_ROOT}/Target Support Files/Pods-Journal App/Pods-Journal App-frameworks.sh\"\n";
			showEnvVarsInLog = 0;
		};
/* End PBXShellScriptBuildPhase section */

/* Begin PBXSourcesBuildPhase section */
		C81472E725F574010082E93F /* Sources */ = {
			isa = PBXSourcesBuildPhase;
			buildActionMask = 2147483647;
			files = (
				C81472F325F574010082E93F /* ViewController.swift in Sources */,
				C81472EF25F574010082E93F /* AppDelegate.swift in Sources */,
				C81472F125F574010082E93F /* SceneDelegate.swift in Sources */,
				C83EFF6125F5775B00E87459 /* Note.swift in Sources */,
				C83EFF6725F5782700E87459 /* NoteViewController.swift in Sources */,
				C83EFF6425F577EB00E87459 /* NotesModel.swift in Sources */,
			);
			runOnlyForDeploymentPostprocessing = 0;
		};
/* End PBXSourcesBuildPhase section */

/* Begin PBXVariantGroup section */
		C81472F425F574010082E93F /* Main.storyboard */ = {
			isa = PBXVariantGroup;
			children = (
				C81472F525F574010082E93F /* Base */,
			);
			name = Main.storyboard;
			sourceTree = "<group>";
		};
		C81472F925F574060082E93F /* LaunchScreen.storyboard */ = {
			isa = PBXVariantGroup;
			children = (
				C81472FA25F574060082E93F /* Base */,
			);
			name = LaunchScreen.storyboard;
			sourceTree = "<group>";
		};
/* End PBXVariantGroup section */

/* Begin XCBuildConfiguration section */
		C81472FD25F574060082E93F /* Debug */ = {
			isa = XCBuildConfiguration;
			buildSettings = {
				ALWAYS_SEARCH_USER_PATHS = NO;
				CLANG_ANALYZER_NONNULL = YES;
				CLANG_ANALYZER_NUMBER_OBJECT_CONVERSION = YES_AGGRESSIVE;
				CLANG_CXX_LANGUAGE_STANDARD = "gnu++14";
				CLANG_CXX_LIBRARY = "libc++";
				CLANG_ENABLE_MODULES = YES;
				CLANG_ENABLE_OBJC_ARC = YES;
				CLANG_ENABLE_OBJC_WEAK = YES;
				CLANG_WARN_BLOCK_CAPTURE_AUTORELEASING = YES;
				CLANG_WARN_BOOL_CONVERSION = YES;
				CLANG_WARN_COMMA = YES;
				CLANG_WARN_CONSTANT_CONVERSION = YES;
				CLANG_WARN_DEPRECATED_OBJC_IMPLEMENTATIONS = YES;
				CLANG_WARN_DIRECT_OBJC_ISA_USAGE = YES_ERROR;
				CLANG_WARN_DOCUMENTATION_COMMENTS = YES;
				CLANG_WARN_EMPTY_BODY = YES;
				CLANG_WARN_ENUM_CONVERSION = YES;
				CLANG_WARN_INFINITE_RECURSION = YES;
				CLANG_WARN_INT_CONVERSION = YES;
				CLANG_WARN_NON_LITERAL_NULL_CONVERSION = YES;
				CLANG_WARN_OBJC_IMPLICIT_RETAIN_SELF = YES;
				CLANG_WARN_OBJC_LITERAL_CONVERSION = YES;
				CLANG_WARN_OBJC_ROOT_CLASS = YES_ERROR;
				CLANG_WARN_QUOTED_INCLUDE_IN_FRAMEWORK_HEADER = YES;
				CLANG_WARN_RANGE_LOOP_ANALYSIS = YES;
				CLANG_WARN_STRICT_PROTOTYPES = YES;
				CLANG_WARN_SUSPICIOUS_MOVE = YES;
				CLANG_WARN_UNGUARDED_AVAILABILITY = YES_AGGRESSIVE;
				CLANG_WARN_UNREACHABLE_CODE = YES;
				CLANG_WARN__DUPLICATE_METHOD_MATCH = YES;
				COPY_PHASE_STRIP = NO;
				DEBUG_INFORMATION_FORMAT = dwarf;
				ENABLE_STRICT_OBJC_MSGSEND = YES;
				ENABLE_TESTABILITY = YES;
				GCC_C_LANGUAGE_STANDARD = gnu11;
				GCC_DYNAMIC_NO_PIC = NO;
				GCC_NO_COMMON_BLOCKS = YES;
				GCC_OPTIMIZATION_LEVEL = 0;
				GCC_PREPROCESSOR_DEFINITIONS = (
					"DEBUG=1",
					"$(inherited)",
				);
				GCC_WARN_64_TO_32_BIT_CONVERSION = YES;
				GCC_WARN_ABOUT_RETURN_TYPE = YES_ERROR;
				GCC_WARN_UNDECLARED_SELECTOR = YES;
				GCC_WARN_UNINITIALIZED_AUTOS = YES_AGGRESSIVE;
				GCC_WARN_UNUSED_FUNCTION = YES;
				GCC_WARN_UNUSED_VARIABLE = YES;
				IPHONEOS_DEPLOYMENT_TARGET = 14.3;
				MTL_ENABLE_DEBUG_INFO = INCLUDE_SOURCE;
				MTL_FAST_MATH = YES;
				ONLY_ACTIVE_ARCH = YES;
				SDKROOT = iphoneos;
				SWIFT_ACTIVE_COMPILATION_CONDITIONS = DEBUG;
				SWIFT_OPTIMIZATION_LEVEL = "-Onone";
			};
			name = Debug;
		};
		C81472FE25F574060082E93F /* Release */ = {
			isa = XCBuildConfiguration;
			buildSettings = {
				ALWAYS_SEARCH_USER_PATHS = NO;
				CLANG_ANALYZER_NONNULL = YES;
				CLANG_ANALYZER_NUMBER_OBJECT_CONVERSION = YES_AGGRESSIVE;
				CLANG_CXX_LANGUAGE_STANDARD = "gnu++14";
				CLANG_CXX_LIBRARY = "libc++";
				CLANG_ENABLE_MODULES = YES;
				CLANG_ENABLE_OBJC_ARC = YES;
				CLANG_ENABLE_OBJC_WEAK = YES;
				CLANG_WARN_BLOCK_CAPTURE_AUTORELEASING = YES;
				CLANG_WARN_BOOL_CONVERSION = YES;
				CLANG_WARN_COMMA = YES;
				CLANG_WARN_CONSTANT_CONVERSION = YES;
				CLANG_WARN_DEPRECATED_OBJC_IMPLEMENTATIONS = YES;
				CLANG_WARN_DIRECT_OBJC_ISA_USAGE = YES_ERROR;
				CLANG_WARN_DOCUMENTATION_COMMENTS = YES;
				CLANG_WARN_EMPTY_BODY = YES;
				CLANG_WARN_ENUM_CONVERSION = YES;
				CLANG_WARN_INFINITE_RECURSION = YES;
				CLANG_WARN_INT_CONVERSION = YES;
				CLANG_WARN_NON_LITERAL_NULL_CONVERSION = YES;
				CLANG_WARN_OBJC_IMPLICIT_RETAIN_SELF = YES;
				CLANG_WARN_OBJC_LITERAL_CONVERSION = YES;
				CLANG_WARN_OBJC_ROOT_CLASS = YES_ERROR;
				CLANG_WARN_QUOTED_INCLUDE_IN_FRAMEWORK_HEADER = YES;
				CLANG_WARN_RANGE_LOOP_ANALYSIS = YES;
				CLANG_WARN_STRICT_PROTOTYPES = YES;
				CLANG_WARN_SUSPICIOUS_MOVE = YES;
				CLANG_WARN_UNGUARDED_AVAILABILITY = YES_AGGRESSIVE;
				CLANG_WARN_UNREACHABLE_CODE = YES;
				CLANG_WARN__DUPLICATE_METHOD_MATCH = YES;
				COPY_PHASE_STRIP = NO;
				DEBUG_INFORMATION_FORMAT = "dwarf-with-dsym";
				ENABLE_NS_ASSERTIONS = NO;
				ENABLE_STRICT_OBJC_MSGSEND = YES;
				GCC_C_LANGUAGE_STANDARD = gnu11;
				GCC_NO_COMMON_BLOCKS = YES;
				GCC_WARN_64_TO_32_BIT_CONVERSION = YES;
				GCC_WARN_ABOUT_RETURN_TYPE = YES_ERROR;
				GCC_WARN_UNDECLARED_SELECTOR = YES;
				GCC_WARN_UNINITIALIZED_AUTOS = YES_AGGRESSIVE;
				GCC_WARN_UNUSED_FUNCTION = YES;
				GCC_WARN_UNUSED_VARIABLE = YES;
				IPHONEOS_DEPLOYMENT_TARGET = 14.3;
				MTL_ENABLE_DEBUG_INFO = NO;
				MTL_FAST_MATH = YES;
				SDKROOT = iphoneos;
				SWIFT_COMPILATION_MODE = wholemodule;
				SWIFT_OPTIMIZATION_LEVEL = "-O";
				VALIDATE_PRODUCT = YES;
			};
			name = Release;
		};
		C814730025F574060082E93F /* Debug */ = {
			isa = XCBuildConfiguration;
			baseConfigurationReference = 38D1A02A7A95BD5D4D658468 /* Pods-Journal App.debug.xcconfig */;
			buildSettings = {
				ASSETCATALOG_COMPILER_APPICON_NAME = AppIcon;
				ASSETCATALOG_COMPILER_GLOBAL_ACCENT_COLOR_NAME = AccentColor;
				CODE_SIGN_STYLE = Automatic;
				INFOPLIST_FILE = "Journal App/Info.plist";
				LD_RUNPATH_SEARCH_PATHS = (
					"$(inherited)",
					"@executable_path/Frameworks",
				);
				PRODUCT_BUNDLE_IDENTIFIER = "com.KyleJSh.Journal-App";
				PRODUCT_NAME = "$(TARGET_NAME)";
				SWIFT_VERSION = 5.0;
				TARGETED_DEVICE_FAMILY = "1,2";
			};
			name = Debug;
		};
		C814730125F574060082E93F /* Release */ = {
			isa = XCBuildConfiguration;
			baseConfigurationReference = 227174148C96B00A65584211 /* Pods-Journal App.release.xcconfig */;
			buildSettings = {
				ASSETCATALOG_COMPILER_APPICON_NAME = AppIcon;
				ASSETCATALOG_COMPILER_GLOBAL_ACCENT_COLOR_NAME = AccentColor;
				CODE_SIGN_STYLE = Automatic;
				INFOPLIST_FILE = "Journal App/Info.plist";
				LD_RUNPATH_SEARCH_PATHS = (
					"$(inherited)",
					"@executable_path/Frameworks",
				);
				PRODUCT_BUNDLE_IDENTIFIER = "com.KyleJSh.Journal-App";
				PRODUCT_NAME = "$(TARGET_NAME)";
				SWIFT_VERSION = 5.0;
				TARGETED_DEVICE_FAMILY = "1,2";
			};
			name = Release;
		};
/* End XCBuildConfiguration section */

/* Begin XCConfigurationList section */
		C81472E625F574010082E93F /* Build configuration list for PBXProject "Journal App" */ = {
			isa = XCConfigurationList;
			buildConfigurations = (
				C81472FD25F574060082E93F /* Debug */,
				C81472FE25F574060082E93F /* Release */,
			);
			defaultConfigurationIsVisible = 0;
			defaultConfigurationName = Release;
		};
		C81472FF25F574060082E93F /* Build configuration list for PBXNativeTarget "Journal App" */ = {
			isa = XCConfigurationList;
			buildConfigurations = (
				C814730025F574060082E93F /* Debug */,
				C814730125F574060082E93F /* Release */,
			);
			defaultConfigurationIsVisible = 0;
			defaultConfigurationName = Release;
		};
/* End XCConfigurationList section */
	};
	rootObject = C81472E325F574010082E93F /* Project object */;
}
